// !$*UTF8*$!
{
	archiveVersion = 1;
	classes = {
	};
	objectVersion = 46;
	objects = {

/* Begin PBXBuildFile section */
		51DE37D8C3A305295DE3318A /* libPods-iOSProject.a in Frameworks */ = {isa = PBXBuildFile; fileRef = D53233A0E622547F8104559C /* libPods-iOSProject.a */; };
		B0170CBB1EE6C3F80048223F /* AppDelegate.m in Sources */ = {isa = PBXBuildFile; fileRef = B0170CB81EE6C3F80048223F /* AppDelegate.m */; };
		B0170CBC1EE6C3F80048223F /* ViewController.m in Sources */ = {isa = PBXBuildFile; fileRef = B0170CBA1EE6C3F80048223F /* ViewController.m */; };
		B0170CD21EE6CB7D0048223F /* MMMarkdown.framework in Frameworks */ = {isa = PBXBuildFile; fileRef = B0170CC91EE6CB4E0048223F /* MMMarkdown.framework */; };
		B0170CDF1EE6CE310048223F /* First.storyboard in Resources */ = {isa = PBXBuildFile; fileRef = B0170CDE1EE6CE310048223F /* First.storyboard */; };
		B0170CE11EE6CE4F0048223F /* Second.storyboard in Resources */ = {isa = PBXBuildFile; fileRef = B0170CE01EE6CE4F0048223F /* Second.storyboard */; };
		B0170CE61EE787F50048223F /* BaseViewController.m in Sources */ = {isa = PBXBuildFile; fileRef = B0170CE51EE787F50048223F /* BaseViewController.m */; };
		B0170CF81EE78A200048223F /* article.txt in Resources */ = {isa = PBXBuildFile; fileRef = B0170CF41EE78A200048223F /* article.txt */; };
		B0170CF91EE78A200048223F /* code.txt in Resources */ = {isa = PBXBuildFile; fileRef = B0170CF51EE78A200048223F /* code.txt */; };
		B0170CFA1EE78A200048223F /* MarkDownViewController.m in Sources */ = {isa = PBXBuildFile; fileRef = B0170CF71EE78A200048223F /* MarkDownViewController.m */; };
		B0170D051EE78A6D0048223F /* SimplifiedCode.txt in Resources */ = {isa = PBXBuildFile; fileRef = B0170CFD1EE78A6D0048223F /* SimplifiedCode.txt */; };
		B0170D061EE78A6D0048223F /* TraditionalCode.txt in Resources */ = {isa = PBXBuildFile; fileRef = B0170CFE1EE78A6D0048223F /* TraditionalCode.txt */; };
		B0170D071EE78A6D0048223F /* ZMChineseConvert.m in Sources */ = {isa = PBXBuildFile; fileRef = B0170D001EE78A6D0048223F /* ZMChineseConvert.m */; };
		B0170D081EE78A6D0048223F /* lantinghei.ttf in Resources */ = {isa = PBXBuildFile; fileRef = B0170D021EE78A6D0048223F /* lantinghei.ttf */; };
		B0170D091EE78A6D0048223F /* FontViewController.m in Sources */ = {isa = PBXBuildFile; fileRef = B0170D041EE78A6D0048223F /* FontViewController.m */; };
		B021AC671EE6917500ED9A4A /* main.m in Sources */ = {isa = PBXBuildFile; fileRef = B021AC661EE6917500ED9A4A /* main.m */; };
		B021AC701EE6917500ED9A4A /* Main.storyboard in Resources */ = {isa = PBXBuildFile; fileRef = B021AC6E1EE6917500ED9A4A /* Main.storyboard */; };
		B021AC721EE6917500ED9A4A /* Assets.xcassets in Resources */ = {isa = PBXBuildFile; fileRef = B021AC711EE6917500ED9A4A /* Assets.xcassets */; };
		B021AC751EE6917500ED9A4A /* LaunchScreen.storyboard in Resources */ = {isa = PBXBuildFile; fileRef = B021AC731EE6917500ED9A4A /* LaunchScreen.storyboard */; };
		B021AC801EE6917500ED9A4A /* iOSProjectTests.m in Sources */ = {isa = PBXBuildFile; fileRef = B021AC7F1EE6917500ED9A4A /* iOSProjectTests.m */; };
		B021AC8B1EE6917500ED9A4A /* iOSProjectUITests.m in Sources */ = {isa = PBXBuildFile; fileRef = B021AC8A1EE6917500ED9A4A /* iOSProjectUITests.m */; };
		B0B8AD641EE78D66003D58B1 /* Canvas_ViewController.m in Sources */ = {isa = PBXBuildFile; fileRef = B0B8AD5D1EE78D66003D58B1 /* Canvas_ViewController.m */; };
		B0B8AD651EE78D66003D58B1 /* CSAnimationTableViewController.m in Sources */ = {isa = PBXBuildFile; fileRef = B0B8AD5F1EE78D66003D58B1 /* CSAnimationTableViewController.m */; };
		B0B8AD661EE78D66003D58B1 /* CSSectionHeaderCell.m in Sources */ = {isa = PBXBuildFile; fileRef = B0B8AD621EE78D66003D58B1 /* CSSectionHeaderCell.m */; };
		B0B8AD671EE78D66003D58B1 /* CSSectionHeaderCell.xib in Resources */ = {isa = PBXBuildFile; fileRef = B0B8AD631EE78D66003D58B1 /* CSSectionHeaderCell.xib */; };
		B0B8AD6E1EE7956C003D58B1 /* InfoPlist.strings in Resources */ = {isa = PBXBuildFile; fileRef = B0B8AD6D1EE7956C003D58B1 /* InfoPlist.strings */; };
		B0D885511EE7AA540030D66C /* plachtor@2x.png in Resources */ = {isa = PBXBuildFile; fileRef = B0D8854D1EE7AA540030D66C /* plachtor@2x.png */; };
		B0D885521EE7AA540030D66C /* plachtor@3x.png in Resources */ = {isa = PBXBuildFile; fileRef = B0D8854E1EE7AA540030D66C /* plachtor@3x.png */; };
		B0D885531EE7AA540030D66C /* 1.plist in Resources */ = {isa = PBXBuildFile; fileRef = B0D885501EE7AA540030D66C /* 1.plist */; };
/* End PBXBuildFile section */

/* Begin PBXContainerItemProxy section */
		B0170CC81EE6CB4E0048223F /* PBXContainerItemProxy */ = {
			isa = PBXContainerItemProxy;
			containerPortal = B0170CC01EE6CB4E0048223F /* MMMarkdown.xcodeproj */;
			proxyType = 2;
			remoteGlobalIDString = BED7620F1B37810000687B36;
			remoteInfo = "MMMarkdown (iOS)";
		};
		B0170CCA1EE6CB4E0048223F /* PBXContainerItemProxy */ = {
			isa = PBXContainerItemProxy;
			containerPortal = B0170CC01EE6CB4E0048223F /* MMMarkdown.xcodeproj */;
			proxyType = 2;
			remoteGlobalIDString = BED761571B374D6700687B36;
			remoteInfo = "MMMarkdown (OS X)";
		};
		B0170CCC1EE6CB4E0048223F /* PBXContainerItemProxy */ = {
			isa = PBXContainerItemProxy;
			containerPortal = B0170CC01EE6CB4E0048223F /* MMMarkdown.xcodeproj */;
			proxyType = 2;
			remoteGlobalIDString = BE23E8F41C0CF3EF0087F587;
			remoteInfo = "MMMarkdown (tvOS)";
		};
		B0170CCE1EE6CB4E0048223F /* PBXContainerItemProxy */ = {
			isa = PBXContainerItemProxy;
			containerPortal = B0170CC01EE6CB4E0048223F /* MMMarkdown.xcodeproj */;
			proxyType = 2;
			remoteGlobalIDString = BE23E9131C0CF77D0087F587;
			remoteInfo = "MMMarkdown (watchOS)";
		};
		B0170CD01EE6CB4E0048223F /* PBXContainerItemProxy */ = {
			isa = PBXContainerItemProxy;
			containerPortal = B0170CC01EE6CB4E0048223F /* MMMarkdown.xcodeproj */;
			proxyType = 2;
			remoteGlobalIDString = BED761611B374D6700687B36;
			remoteInfo = MMMarkdownTests;
		};
		B021AC7C1EE6917500ED9A4A /* PBXContainerItemProxy */ = {
			isa = PBXContainerItemProxy;
			containerPortal = B021AC5A1EE6917500ED9A4A /* Project object */;
			proxyType = 1;
			remoteGlobalIDString = B021AC611EE6917500ED9A4A;
			remoteInfo = iOSProject;
		};
		B021AC871EE6917500ED9A4A /* PBXContainerItemProxy */ = {
			isa = PBXContainerItemProxy;
			containerPortal = B021AC5A1EE6917500ED9A4A /* Project object */;
			proxyType = 1;
			remoteGlobalIDString = B021AC611EE6917500ED9A4A;
			remoteInfo = iOSProject;
		};
/* End PBXContainerItemProxy section */

/* Begin PBXFileReference section */
		27CDDF941ECA3893AF9F2120 /* Pods-iOSProject.release.xcconfig */ = {isa = PBXFileReference; includeInIndex = 1; lastKnownFileType = text.xcconfig; name = "Pods-iOSProject.release.xcconfig"; path = "Pods/Target Support Files/Pods-iOSProject/Pods-iOSProject.release.xcconfig"; sourceTree = "<group>"; };
		81B67C41678451C809E94967 /* Pods-iOSProject.debug.xcconfig */ = {isa = PBXFileReference; includeInIndex = 1; lastKnownFileType = text.xcconfig; name = "Pods-iOSProject.debug.xcconfig"; path = "Pods/Target Support Files/Pods-iOSProject/Pods-iOSProject.debug.xcconfig"; sourceTree = "<group>"; };
		B0170CB71EE6C3F80048223F /* AppDelegate.h */ = {isa = PBXFileReference; fileEncoding = 4; lastKnownFileType = sourcecode.c.h; path = AppDelegate.h; sourceTree = "<group>"; };
		B0170CB81EE6C3F80048223F /* AppDelegate.m */ = {isa = PBXFileReference; fileEncoding = 4; lastKnownFileType = sourcecode.c.objc; path = AppDelegate.m; sourceTree = "<group>"; };
		B0170CB91EE6C3F80048223F /* ViewController.h */ = {isa = PBXFileReference; fileEncoding = 4; lastKnownFileType = sourcecode.c.h; path = ViewController.h; sourceTree = "<group>"; };
		B0170CBA1EE6C3F80048223F /* ViewController.m */ = {isa = PBXFileReference; fileEncoding = 4; lastKnownFileType = sourcecode.c.objc; path = ViewController.m; sourceTree = "<group>"; };
		B0170CC01EE6CB4E0048223F /* MMMarkdown.xcodeproj */ = {isa = PBXFileReference; lastKnownFileType = "wrapper.pb-project"; name = MMMarkdown.xcodeproj; path = iOSProject/iOSProject/Libs/Markdown/MMMarkdown.xcodeproj; sourceTree = "<group>"; };
		B0170CDE1EE6CE310048223F /* First.storyboard */ = {isa = PBXFileReference; fileEncoding = 4; lastKnownFileType = file.storyboard; path = First.storyboard; sourceTree = "<group>"; };
		B0170CE01EE6CE4F0048223F /* Second.storyboard */ = {isa = PBXFileReference; fileEncoding = 4; lastKnownFileType = file.storyboard; path = Second.storyboard; sourceTree = "<group>"; };
		B0170CE41EE787F50048223F /* BaseViewController.h */ = {isa = PBXFileReference; fileEncoding = 4; lastKnownFileType = sourcecode.c.h; path = BaseViewController.h; sourceTree = "<group>"; };
		B0170CE51EE787F50048223F /* BaseViewController.m */ = {isa = PBXFileReference; fileEncoding = 4; lastKnownFileType = sourcecode.c.objc; path = BaseViewController.m; sourceTree = "<group>"; };
		B0170CF41EE78A200048223F /* article.txt */ = {isa = PBXFileReference; fileEncoding = 4; lastKnownFileType = text; path = article.txt; sourceTree = "<group>"; };
		B0170CF51EE78A200048223F /* code.txt */ = {isa = PBXFileReference; fileEncoding = 4; lastKnownFileType = text; path = code.txt; sourceTree = "<group>"; };
		B0170CF61EE78A200048223F /* MarkDownViewController.h */ = {isa = PBXFileReference; fileEncoding = 4; lastKnownFileType = sourcecode.c.h; path = MarkDownViewController.h; sourceTree = "<group>"; };
		B0170CF71EE78A200048223F /* MarkDownViewController.m */ = {isa = PBXFileReference; fileEncoding = 4; lastKnownFileType = sourcecode.c.objc; path = MarkDownViewController.m; sourceTree = "<group>"; };
		B0170CFD1EE78A6D0048223F /* SimplifiedCode.txt */ = {isa = PBXFileReference; fileEncoding = 4; lastKnownFileType = text; path = SimplifiedCode.txt; sourceTree = "<group>"; };
		B0170CFE1EE78A6D0048223F /* TraditionalCode.txt */ = {isa = PBXFileReference; fileEncoding = 4; lastKnownFileType = text; path = TraditionalCode.txt; sourceTree = "<group>"; };
		B0170CFF1EE78A6D0048223F /* ZMChineseConvert.h */ = {isa = PBXFileReference; fileEncoding = 4; lastKnownFileType = sourcecode.c.h; path = ZMChineseConvert.h; sourceTree = "<group>"; };
		B0170D001EE78A6D0048223F /* ZMChineseConvert.m */ = {isa = PBXFileReference; fileEncoding = 4; lastKnownFileType = sourcecode.c.objc; path = ZMChineseConvert.m; sourceTree = "<group>"; };
		B0170D021EE78A6D0048223F /* lantinghei.ttf */ = {isa = PBXFileReference; lastKnownFileType = file; path = lantinghei.ttf; sourceTree = "<group>"; };
		B0170D031EE78A6D0048223F /* FontViewController.h */ = {isa = PBXFileReference; fileEncoding = 4; lastKnownFileType = sourcecode.c.h; path = FontViewController.h; sourceTree = "<group>"; };
		B0170D041EE78A6D0048223F /* FontViewController.m */ = {isa = PBXFileReference; fileEncoding = 4; lastKnownFileType = sourcecode.c.objc; path = FontViewController.m; sourceTree = "<group>"; };
		B021AC621EE6917500ED9A4A /* iOSProject.app */ = {isa = PBXFileReference; explicitFileType = wrapper.application; includeInIndex = 0; path = iOSProject.app; sourceTree = BUILT_PRODUCTS_DIR; };
		B021AC661EE6917500ED9A4A /* main.m */ = {isa = PBXFileReference; lastKnownFileType = sourcecode.c.objc; path = main.m; sourceTree = "<group>"; };
		B021AC6F1EE6917500ED9A4A /* Base */ = {isa = PBXFileReference; lastKnownFileType = file.storyboard; name = Base; path = Base.lproj/Main.storyboard; sourceTree = "<group>"; };
		B021AC711EE6917500ED9A4A /* Assets.xcassets */ = {isa = PBXFileReference; lastKnownFileType = folder.assetcatalog; path = Assets.xcassets; sourceTree = "<group>"; };
		B021AC741EE6917500ED9A4A /* Base */ = {isa = PBXFileReference; lastKnownFileType = file.storyboard; name = Base; path = Base.lproj/LaunchScreen.storyboard; sourceTree = "<group>"; };
		B021AC761EE6917500ED9A4A /* Info.plist */ = {isa = PBXFileReference; lastKnownFileType = text.plist.xml; path = Info.plist; sourceTree = "<group>"; };
		B021AC7B1EE6917500ED9A4A /* iOSProjectTests.xctest */ = {isa = PBXFileReference; explicitFileType = wrapper.cfbundle; includeInIndex = 0; path = iOSProjectTests.xctest; sourceTree = BUILT_PRODUCTS_DIR; };
		B021AC7F1EE6917500ED9A4A /* iOSProjectTests.m */ = {isa = PBXFileReference; lastKnownFileType = sourcecode.c.objc; path = iOSProjectTests.m; sourceTree = "<group>"; };
		B021AC811EE6917500ED9A4A /* Info.plist */ = {isa = PBXFileReference; lastKnownFileType = text.plist.xml; path = Info.plist; sourceTree = "<group>"; };
		B021AC861EE6917500ED9A4A /* iOSProjectUITests.xctest */ = {isa = PBXFileReference; explicitFileType = wrapper.cfbundle; includeInIndex = 0; path = iOSProjectUITests.xctest; sourceTree = BUILT_PRODUCTS_DIR; };
		B021AC8A1EE6917500ED9A4A /* iOSProjectUITests.m */ = {isa = PBXFileReference; lastKnownFileType = sourcecode.c.objc; path = iOSProjectUITests.m; sourceTree = "<group>"; };
		B021AC8C1EE6917500ED9A4A /* Info.plist */ = {isa = PBXFileReference; lastKnownFileType = text.plist.xml; path = Info.plist; sourceTree = "<group>"; };
		B0B8AD5C1EE78D66003D58B1 /* Canvas_ViewController.h */ = {isa = PBXFileReference; fileEncoding = 4; lastKnownFileType = sourcecode.c.h; path = Canvas_ViewController.h; sourceTree = "<group>"; };
		B0B8AD5D1EE78D66003D58B1 /* Canvas_ViewController.m */ = {isa = PBXFileReference; fileEncoding = 4; lastKnownFileType = sourcecode.c.objc; path = Canvas_ViewController.m; sourceTree = "<group>"; };
		B0B8AD5E1EE78D66003D58B1 /* CSAnimationTableViewController.h */ = {isa = PBXFileReference; fileEncoding = 4; lastKnownFileType = sourcecode.c.h; path = CSAnimationTableViewController.h; sourceTree = "<group>"; };
		B0B8AD5F1EE78D66003D58B1 /* CSAnimationTableViewController.m */ = {isa = PBXFileReference; fileEncoding = 4; lastKnownFileType = sourcecode.c.objc; path = CSAnimationTableViewController.m; sourceTree = "<group>"; };
		B0B8AD611EE78D66003D58B1 /* CSSectionHeaderCell.h */ = {isa = PBXFileReference; fileEncoding = 4; lastKnownFileType = sourcecode.c.h; path = CSSectionHeaderCell.h; sourceTree = "<group>"; };
		B0B8AD621EE78D66003D58B1 /* CSSectionHeaderCell.m */ = {isa = PBXFileReference; fileEncoding = 4; lastKnownFileType = sourcecode.c.objc; path = CSSectionHeaderCell.m; sourceTree = "<group>"; };
		B0B8AD631EE78D66003D58B1 /* CSSectionHeaderCell.xib */ = {isa = PBXFileReference; fileEncoding = 4; lastKnownFileType = file.xib; path = CSSectionHeaderCell.xib; sourceTree = "<group>"; };
		B0B8AD6D1EE7956C003D58B1 /* InfoPlist.strings */ = {isa = PBXFileReference; fileEncoding = 4; lastKnownFileType = text.plist.strings; path = InfoPlist.strings; sourceTree = "<group>"; };
		B0B8AD6F1EE7958F003D58B1 /* Header.h */ = {isa = PBXFileReference; fileEncoding = 4; lastKnownFileType = sourcecode.c.h; path = Header.h; sourceTree = "<group>"; };
		B0B8AD701EE795A8003D58B1 /* PrefixHeader.pch */ = {isa = PBXFileReference; lastKnownFileType = sourcecode.c.h; path = PrefixHeader.pch; sourceTree = "<group>"; };
		B0D8854D1EE7AA540030D66C /* plachtor@2x.png */ = {isa = PBXFileReference; lastKnownFileType = image.png; path = "plachtor@2x.png"; sourceTree = "<group>"; };
		B0D8854E1EE7AA540030D66C /* plachtor@3x.png */ = {isa = PBXFileReference; lastKnownFileType = image.png; path = "plachtor@3x.png"; sourceTree = "<group>"; };
		B0D885501EE7AA540030D66C /* 1.plist */ = {isa = PBXFileReference; fileEncoding = 4; lastKnownFileType = text.plist.xml; path = 1.plist; sourceTree = "<group>"; };
		D53233A0E622547F8104559C /* libPods-iOSProject.a */ = {isa = PBXFileReference; explicitFileType = archive.ar; includeInIndex = 0; path = "libPods-iOSProject.a"; sourceTree = BUILT_PRODUCTS_DIR; };
/* End PBXFileReference section */

/* Begin PBXFrameworksBuildPhase section */
		B021AC5F1EE6917500ED9A4A /* Frameworks */ = {
			isa = PBXFrameworksBuildPhase;
			buildActionMask = 2147483647;
			files = (
				B0170CD21EE6CB7D0048223F /* MMMarkdown.framework in Frameworks */,
				51DE37D8C3A305295DE3318A /* libPods-iOSProject.a in Frameworks */,
			);
			runOnlyForDeploymentPostprocessing = 0;
		};
		B021AC781EE6917500ED9A4A /* Frameworks */ = {
			isa = PBXFrameworksBuildPhase;
			buildActionMask = 2147483647;
			files = (
			);
			runOnlyForDeploymentPostprocessing = 0;
		};
		B021AC831EE6917500ED9A4A /* Frameworks */ = {
			isa = PBXFrameworksBuildPhase;
			buildActionMask = 2147483647;
			files = (
			);
			runOnlyForDeploymentPostprocessing = 0;
		};
/* End PBXFrameworksBuildPhase section */

/* Begin PBXGroup section */
		0B24FB0B584AFC30F6D9ED97 /* Frameworks */ = {
			isa = PBXGroup;
			children = (
				D53233A0E622547F8104559C /* libPods-iOSProject.a */,
			);
			name = Frameworks;
			sourceTree = "<group>";
		};
		B0170CB61EE6C3F80048223F /* Others */ = {
			isa = PBXGroup;
			children = (
				B0170CB71EE6C3F80048223F /* AppDelegate.h */,
				B0170CB81EE6C3F80048223F /* AppDelegate.m */,
				B0170CB91EE6C3F80048223F /* ViewController.h */,
				B0170CBA1EE6C3F80048223F /* ViewController.m */,
			);
			path = Others;
			sourceTree = "<group>";
		};
		B0170CC11EE6CB4E0048223F /* Products */ = {
			isa = PBXGroup;
			children = (
				B0170CC91EE6CB4E0048223F /* MMMarkdown.framework */,
				B0170CCB1EE6CB4E0048223F /* MMMarkdown.framework */,
				B0170CCD1EE6CB4E0048223F /* MMMarkdown.framework */,
				B0170CCF1EE6CB4E0048223F /* MMMarkdown.framework */,
				B0170CD11EE6CB4E0048223F /* MMMarkdownTests.xctest */,
			);
			name = Products;
			sourceTree = "<group>";
		};
		B0170CD41EE6CD800048223F /* Manager */ = {
			isa = PBXGroup;
			children = (
			);
			path = Manager;
			sourceTree = "<group>";
		};
		B0170CD51EE6CD890048223F /* Base */ = {
			isa = PBXGroup;
			children = (
				B0170CE41EE787F50048223F /* BaseViewController.h */,
				B0170CE51EE787F50048223F /* BaseViewController.m */,
			);
			path = Base;
			sourceTree = "<group>";
		};
		B0170CD61EE6CDA10048223F /* Base */ = {
			isa = PBXGroup;
			children = (
			);
			path = Base;
			sourceTree = "<group>";
		};
		B0170CD71EE6CDA10048223F /* Main */ = {
			isa = PBXGroup;
			children = (
			);
			path = Main;
			sourceTree = "<group>";
		};
		B0170CD81EE6CE0A0048223F /* First */ = {
			isa = PBXGroup;
			children = (
				B0170CDE1EE6CE310048223F /* First.storyboard */,
				B0170CD91EE6CE0A0048223F /* ViewController */,
				B0170CDA1EE6CE0A0048223F /* Views */,
			);
			path = First;
			sourceTree = "<group>";
		};
		B0170CD91EE6CE0A0048223F /* ViewController */ = {
			isa = PBXGroup;
			children = (
				B0B8AD5B1EE78D66003D58B1 /* Canvas */,
				B0170CFB1EE78A590048223F /* Font */,
				B0170CF31EE78A200048223F /* Markdown */,
			);
			path = ViewController;
			sourceTree = "<group>";
		};
		B0170CDA1EE6CE0A0048223F /* Views */ = {
			isa = PBXGroup;
			children = (
			);
			path = Views;
			sourceTree = "<group>";
		};
		B0170CDB1EE6CE0F0048223F /* Second */ = {
			isa = PBXGroup;
			children = (
				B0170CE01EE6CE4F0048223F /* Second.storyboard */,
				B0170CDC1EE6CE0F0048223F /* ViewController */,
				B0170CDD1EE6CE0F0048223F /* Views */,
			);
			path = Second;
			sourceTree = "<group>";
		};
		B0170CDC1EE6CE0F0048223F /* ViewController */ = {
			isa = PBXGroup;
			children = (
			);
			path = ViewController;
			sourceTree = "<group>";
		};
		B0170CDD1EE6CE0F0048223F /* Views */ = {
			isa = PBXGroup;
			children = (
			);
			path = Views;
			sourceTree = "<group>";
		};
		B0170CF31EE78A200048223F /* Markdown */ = {
			isa = PBXGroup;
			children = (
				B0170CF41EE78A200048223F /* article.txt */,
				B0170CF51EE78A200048223F /* code.txt */,
				B0170CF61EE78A200048223F /* MarkDownViewController.h */,
				B0170CF71EE78A200048223F /* MarkDownViewController.m */,
			);
			path = Markdown;
			sourceTree = "<group>";
		};
		B0170CFB1EE78A590048223F /* Font */ = {
			isa = PBXGroup;
			children = (
				B0170CFC1EE78A6D0048223F /* ChineseConvert */,
				B0170D011EE78A6D0048223F /* Font */,
				B0170D031EE78A6D0048223F /* FontViewController.h */,
				B0170D041EE78A6D0048223F /* FontViewController.m */,
			);
			path = Font;
			sourceTree = "<group>";
		};
		B0170CFC1EE78A6D0048223F /* ChineseConvert */ = {
			isa = PBXGroup;
			children = (
				B0170CFD1EE78A6D0048223F /* SimplifiedCode.txt */,
				B0170CFE1EE78A6D0048223F /* TraditionalCode.txt */,
				B0170CFF1EE78A6D0048223F /* ZMChineseConvert.h */,
				B0170D001EE78A6D0048223F /* ZMChineseConvert.m */,
			);
			path = ChineseConvert;
			sourceTree = "<group>";
		};
		B0170D011EE78A6D0048223F /* Font */ = {
			isa = PBXGroup;
			children = (
				B0170D021EE78A6D0048223F /* lantinghei.ttf */,
			);
			path = Font;
			sourceTree = "<group>";
		};
		B021AC591EE6917500ED9A4A = {
			isa = PBXGroup;
			children = (
				B0170CC01EE6CB4E0048223F /* MMMarkdown.xcodeproj */,
				B021AC641EE6917500ED9A4A /* iOSProject */,
				B021AC7E1EE6917500ED9A4A /* iOSProjectTests */,
				B021AC891EE6917500ED9A4A /* iOSProjectUITests */,
				B021AC631EE6917500ED9A4A /* Products */,
				C4F2B47FA60F8448FDCABDCD /* Pods */,
				0B24FB0B584AFC30F6D9ED97 /* Frameworks */,
			);
			sourceTree = "<group>";
		};
		B021AC631EE6917500ED9A4A /* Products */ = {
			isa = PBXGroup;
			children = (
				B021AC621EE6917500ED9A4A /* iOSProject.app */,
				B021AC7B1EE6917500ED9A4A /* iOSProjectTests.xctest */,
				B021AC861EE6917500ED9A4A /* iOSProjectUITests.xctest */,
			);
			name = Products;
			sourceTree = "<group>";
		};
		B021AC641EE6917500ED9A4A /* iOSProject */ = {
			isa = PBXGroup;
			children = (
				B089B4071EE6C08B00531C14 /* iOSProject */,
				B021AC6E1EE6917500ED9A4A /* Main.storyboard */,
				B021AC711EE6917500ED9A4A /* Assets.xcassets */,
				B021AC731EE6917500ED9A4A /* LaunchScreen.storyboard */,
				B021AC761EE6917500ED9A4A /* Info.plist */,
				B021AC651EE6917500ED9A4A /* Supporting Files */,
			);
			path = iOSProject;
			sourceTree = "<group>";
		};
		B021AC651EE6917500ED9A4A /* Supporting Files */ = {
			isa = PBXGroup;
			children = (
				B021AC661EE6917500ED9A4A /* main.m */,
				B0B8AD6D1EE7956C003D58B1 /* InfoPlist.strings */,
				B0B8AD6F1EE7958F003D58B1 /* Header.h */,
				B0B8AD701EE795A8003D58B1 /* PrefixHeader.pch */,
			);
			name = "Supporting Files";
			sourceTree = "<group>";
		};
		B021AC7E1EE6917500ED9A4A /* iOSProjectTests */ = {
			isa = PBXGroup;
			children = (
				B021AC7F1EE6917500ED9A4A /* iOSProjectTests.m */,
				B021AC811EE6917500ED9A4A /* Info.plist */,
			);
			path = iOSProjectTests;
			sourceTree = "<group>";
		};
		B021AC891EE6917500ED9A4A /* iOSProjectUITests */ = {
			isa = PBXGroup;
			children = (
				B021AC8A1EE6917500ED9A4A /* iOSProjectUITests.m */,
				B021AC8C1EE6917500ED9A4A /* Info.plist */,
			);
			path = iOSProjectUITests;
			sourceTree = "<group>";
		};
		B089B4071EE6C08B00531C14 /* iOSProject */ = {
			isa = PBXGroup;
			children = (
				B0170CD51EE6CD890048223F /* Base */,
				B0170CD41EE6CD800048223F /* Manager */,
				B0170CB61EE6C3F80048223F /* Others */,
				B089B4081EE6C08B00531C14 /* Class */,
				B089B4091EE6C08B00531C14 /* Libs */,
				B089B40A1EE6C08B00531C14 /* Sources */,
			);
			path = iOSProject;
			sourceTree = "<group>";
		};
		B089B4081EE6C08B00531C14 /* Class */ = {
			isa = PBXGroup;
			children = (
				B0170CDB1EE6CE0F0048223F /* Second */,
				B0170CD81EE6CE0A0048223F /* First */,
				B0170CD61EE6CDA10048223F /* Base */,
				B0170CD71EE6CDA10048223F /* Main */,
			);
			path = Class;
			sourceTree = "<group>";
		};
		B089B4091EE6C08B00531C14 /* Libs */ = {
			isa = PBXGroup;
			children = (
			);
			path = Libs;
			sourceTree = "<group>";
		};
		B089B40A1EE6C08B00531C14 /* Sources */ = {
			isa = PBXGroup;
			children = (
				B0D8854C1EE7AA540030D66C /* Images */,
				B0D8854F1EE7AA540030D66C /* Plist */,
			);
			path = Sources;
			sourceTree = "<group>";
		};
		B0B8AD5B1EE78D66003D58B1 /* Canvas */ = {
			isa = PBXGroup;
			children = (
				B0B8AD5C1EE78D66003D58B1 /* Canvas_ViewController.h */,
				B0B8AD5D1EE78D66003D58B1 /* Canvas_ViewController.m */,
				B0B8AD5E1EE78D66003D58B1 /* CSAnimationTableViewController.h */,
				B0B8AD5F1EE78D66003D58B1 /* CSAnimationTableViewController.m */,
				B0B8AD601EE78D66003D58B1 /* Views */,
			);
			path = Canvas;
			sourceTree = "<group>";
		};
		B0B8AD601EE78D66003D58B1 /* Views */ = {
			isa = PBXGroup;
			children = (
				B0B8AD611EE78D66003D58B1 /* CSSectionHeaderCell.h */,
				B0B8AD621EE78D66003D58B1 /* CSSectionHeaderCell.m */,
				B0B8AD631EE78D66003D58B1 /* CSSectionHeaderCell.xib */,
			);
			path = Views;
			sourceTree = "<group>";
		};
		B0D8854C1EE7AA540030D66C /* Images */ = {
			isa = PBXGroup;
			children = (
				B0D8854D1EE7AA540030D66C /* plachtor@2x.png */,
				B0D8854E1EE7AA540030D66C /* plachtor@3x.png */,
			);
			path = Images;
			sourceTree = "<group>";
		};
		B0D8854F1EE7AA540030D66C /* Plist */ = {
			isa = PBXGroup;
			children = (
				B0D885501EE7AA540030D66C /* 1.plist */,
			);
			path = Plist;
			sourceTree = "<group>";
		};
		C4F2B47FA60F8448FDCABDCD /* Pods */ = {
			isa = PBXGroup;
			children = (
				81B67C41678451C809E94967 /* Pods-iOSProject.debug.xcconfig */,
				27CDDF941ECA3893AF9F2120 /* Pods-iOSProject.release.xcconfig */,
			);
			name = Pods;
			sourceTree = "<group>";
		};
/* End PBXGroup section */

/* Begin PBXNativeTarget section */
		B021AC611EE6917500ED9A4A /* iOSProject */ = {
			isa = PBXNativeTarget;
			buildConfigurationList = B021AC8F1EE6917500ED9A4A /* Build configuration list for PBXNativeTarget "iOSProject" */;
			buildPhases = (
				0BB2F55DAC6A1ACA8D013F42 /* [CP] Check Pods Manifest.lock */,
				B021AC5E1EE6917500ED9A4A /* Sources */,
				B021AC5F1EE6917500ED9A4A /* Frameworks */,
				B021AC601EE6917500ED9A4A /* Resources */,
				37B66A5013AEE5EDBC6CD178 /* [CP] Embed Pods Frameworks */,
				2D4747578C728BF076C10792 /* [CP] Copy Pods Resources */,
			);
			buildRules = (
			);
			dependencies = (
			);
			name = iOSProject;
			productName = iOSProject;
			productReference = B021AC621EE6917500ED9A4A /* iOSProject.app */;
			productType = "com.apple.product-type.application";
		};
		B021AC7A1EE6917500ED9A4A /* iOSProjectTests */ = {
			isa = PBXNativeTarget;
			buildConfigurationList = B021AC921EE6917500ED9A4A /* Build configuration list for PBXNativeTarget "iOSProjectTests" */;
			buildPhases = (
				B021AC771EE6917500ED9A4A /* Sources */,
				B021AC781EE6917500ED9A4A /* Frameworks */,
				B021AC791EE6917500ED9A4A /* Resources */,
			);
			buildRules = (
			);
			dependencies = (
				B021AC7D1EE6917500ED9A4A /* PBXTargetDependency */,
			);
			name = iOSProjectTests;
			productName = iOSProjectTests;
			productReference = B021AC7B1EE6917500ED9A4A /* iOSProjectTests.xctest */;
			productType = "com.apple.product-type.bundle.unit-test";
		};
		B021AC851EE6917500ED9A4A /* iOSProjectUITests */ = {
			isa = PBXNativeTarget;
			buildConfigurationList = B021AC951EE6917500ED9A4A /* Build configuration list for PBXNativeTarget "iOSProjectUITests" */;
			buildPhases = (
				B021AC821EE6917500ED9A4A /* Sources */,
				B021AC831EE6917500ED9A4A /* Frameworks */,
				B021AC841EE6917500ED9A4A /* Resources */,
			);
			buildRules = (
			);
			dependencies = (
				B021AC881EE6917500ED9A4A /* PBXTargetDependency */,
			);
			name = iOSProjectUITests;
			productName = iOSProjectUITests;
			productReference = B021AC861EE6917500ED9A4A /* iOSProjectUITests.xctest */;
			productType = "com.apple.product-type.bundle.ui-testing";
		};
/* End PBXNativeTarget section */

/* Begin PBXProject section */
		B021AC5A1EE6917500ED9A4A /* Project object */ = {
			isa = PBXProject;
			attributes = {
				LastUpgradeCheck = 0830;
				ORGANIZATIONNAME = STT;
				TargetAttributes = {
					B021AC611EE6917500ED9A4A = {
						CreatedOnToolsVersion = 8.3;
						DevelopmentTeam = BQ9AXVWHT8;
						ProvisioningStyle = Automatic;
					};
					B021AC7A1EE6917500ED9A4A = {
						CreatedOnToolsVersion = 8.3;
						ProvisioningStyle = Automatic;
						TestTargetID = B021AC611EE6917500ED9A4A;
					};
					B021AC851EE6917500ED9A4A = {
						CreatedOnToolsVersion = 8.3;
						ProvisioningStyle = Automatic;
						TestTargetID = B021AC611EE6917500ED9A4A;
					};
				};
			};
			buildConfigurationList = B021AC5D1EE6917500ED9A4A /* Build configuration list for PBXProject "iOSProject" */;
			compatibilityVersion = "Xcode 3.2";
			developmentRegion = English;
			hasScannedForEncodings = 0;
			knownRegions = (
				en,
				Base,
			);
			mainGroup = B021AC591EE6917500ED9A4A;
			productRefGroup = B021AC631EE6917500ED9A4A /* Products */;
			projectDirPath = "";
			projectReferences = (
				{
					ProductGroup = B0170CC11EE6CB4E0048223F /* Products */;
					ProjectRef = B0170CC01EE6CB4E0048223F /* MMMarkdown.xcodeproj */;
				},
			);
			projectRoot = "";
			targets = (
				B021AC611EE6917500ED9A4A /* iOSProject */,
				B021AC7A1EE6917500ED9A4A /* iOSProjectTests */,
				B021AC851EE6917500ED9A4A /* iOSProjectUITests */,
			);
		};
/* End PBXProject section */

/* Begin PBXReferenceProxy section */
		B0170CC91EE6CB4E0048223F /* MMMarkdown.framework */ = {
			isa = PBXReferenceProxy;
			fileType = wrapper.framework;
			path = MMMarkdown.framework;
			remoteRef = B0170CC81EE6CB4E0048223F /* PBXContainerItemProxy */;
			sourceTree = BUILT_PRODUCTS_DIR;
		};
		B0170CCB1EE6CB4E0048223F /* MMMarkdown.framework */ = {
			isa = PBXReferenceProxy;
			fileType = wrapper.framework;
			path = MMMarkdown.framework;
			remoteRef = B0170CCA1EE6CB4E0048223F /* PBXContainerItemProxy */;
			sourceTree = BUILT_PRODUCTS_DIR;
		};
		B0170CCD1EE6CB4E0048223F /* MMMarkdown.framework */ = {
			isa = PBXReferenceProxy;
			fileType = wrapper.framework;
			path = MMMarkdown.framework;
			remoteRef = B0170CCC1EE6CB4E0048223F /* PBXContainerItemProxy */;
			sourceTree = BUILT_PRODUCTS_DIR;
		};
		B0170CCF1EE6CB4E0048223F /* MMMarkdown.framework */ = {
			isa = PBXReferenceProxy;
			fileType = wrapper.framework;
			path = MMMarkdown.framework;
			remoteRef = B0170CCE1EE6CB4E0048223F /* PBXContainerItemProxy */;
			sourceTree = BUILT_PRODUCTS_DIR;
		};
		B0170CD11EE6CB4E0048223F /* MMMarkdownTests.xctest */ = {
			isa = PBXReferenceProxy;
			fileType = wrapper.cfbundle;
			path = MMMarkdownTests.xctest;
			remoteRef = B0170CD01EE6CB4E0048223F /* PBXContainerItemProxy */;
			sourceTree = BUILT_PRODUCTS_DIR;
		};
/* End PBXReferenceProxy section */

/* Begin PBXResourcesBuildPhase section */
		B021AC601EE6917500ED9A4A /* Resources */ = {
			isa = PBXResourcesBuildPhase;
			buildActionMask = 2147483647;
			files = (
				B0D885531EE7AA540030D66C /* 1.plist in Resources */,
				B021AC751EE6917500ED9A4A /* LaunchScreen.storyboard in Resources */,
				B0D885511EE7AA540030D66C /* plachtor@2x.png in Resources */,
				B0B8AD6E1EE7956C003D58B1 /* InfoPlist.strings in Resources */,
				B0170D081EE78A6D0048223F /* lantinghei.ttf in Resources */,
				B0170D051EE78A6D0048223F /* SimplifiedCode.txt in Resources */,
				B021AC721EE6917500ED9A4A /* Assets.xcassets in Resources */,
				B021AC701EE6917500ED9A4A /* Main.storyboard in Resources */,
				B0170CE11EE6CE4F0048223F /* Second.storyboard in Resources */,
				B0B8AD671EE78D66003D58B1 /* CSSectionHeaderCell.xib in Resources */,
				B0170CF81EE78A200048223F /* article.txt in Resources */,
				B0D885521EE7AA540030D66C /* plachtor@3x.png in Resources */,
				B0170CDF1EE6CE310048223F /* First.storyboard in Resources */,
				B0170D061EE78A6D0048223F /* TraditionalCode.txt in Resources */,
				B0170CF91EE78A200048223F /* code.txt in Resources */,
			);
			runOnlyForDeploymentPostprocessing = 0;
		};
		B021AC791EE6917500ED9A4A /* Resources */ = {
			isa = PBXResourcesBuildPhase;
			buildActionMask = 2147483647;
			files = (
			);
			runOnlyForDeploymentPostprocessing = 0;
		};
		B021AC841EE6917500ED9A4A /* Resources */ = {
			isa = PBXResourcesBuildPhase;
			buildActionMask = 2147483647;
			files = (
			);
			runOnlyForDeploymentPostprocessing = 0;
		};
/* End PBXResourcesBuildPhase section */

/* Begin PBXShellScriptBuildPhase section */
		0BB2F55DAC6A1ACA8D013F42 /* [CP] Check Pods Manifest.lock */ = {
			isa = PBXShellScriptBuildPhase;
			buildActionMask = 2147483647;
			files = (
			);
			inputPaths = (
			);
			name = "[CP] Check Pods Manifest.lock";
			outputPaths = (
			);
			runOnlyForDeploymentPostprocessing = 0;
			shellPath = /bin/sh;
			shellScript = "diff \"${PODS_ROOT}/../Podfile.lock\" \"${PODS_ROOT}/Manifest.lock\" > /dev/null\nif [ $? != 0 ] ; then\n    # print error to STDERR\n    echo \"error: The sandbox is not in sync with the Podfile.lock. Run 'pod install' or update your CocoaPods installation.\" >&2\n    exit 1\nfi\n";
			showEnvVarsInLog = 0;
		};
		2D4747578C728BF076C10792 /* [CP] Copy Pods Resources */ = {
			isa = PBXShellScriptBuildPhase;
			buildActionMask = 2147483647;
			files = (
			);
			inputPaths = (
			);
			name = "[CP] Copy Pods Resources";
			outputPaths = (
			);
			runOnlyForDeploymentPostprocessing = 0;
			shellPath = /bin/sh;
			shellScript = "\"${SRCROOT}/Pods/Target Support Files/Pods-iOSProject/Pods-iOSProject-resources.sh\"\n";
			showEnvVarsInLog = 0;
		};
		37B66A5013AEE5EDBC6CD178 /* [CP] Embed Pods Frameworks */ = {
			isa = PBXShellScriptBuildPhase;
			buildActionMask = 2147483647;
			files = (
			);
			inputPaths = (
			);
			name = "[CP] Embed Pods Frameworks";
			outputPaths = (
			);
			runOnlyForDeploymentPostprocessing = 0;
			shellPath = /bin/sh;
			shellScript = "\"${SRCROOT}/Pods/Target Support Files/Pods-iOSProject/Pods-iOSProject-frameworks.sh\"\n";
			showEnvVarsInLog = 0;
		};
/* End PBXShellScriptBuildPhase section */

/* Begin PBXSourcesBuildPhase section */
		B021AC5E1EE6917500ED9A4A /* Sources */ = {
			isa = PBXSourcesBuildPhase;
			buildActionMask = 2147483647;
			files = (
				B0B8AD661EE78D66003D58B1 /* CSSectionHeaderCell.m in Sources */,
				B0170D091EE78A6D0048223F /* FontViewController.m in Sources */,
				B0170D071EE78A6D0048223F /* ZMChineseConvert.m in Sources */,
				B0B8AD651EE78D66003D58B1 /* CSAnimationTableViewController.m in Sources */,
				B0170CBC1EE6C3F80048223F /* ViewController.m in Sources */,
				B0170CE61EE787F50048223F /* BaseViewController.m in Sources */,
				B0B8AD641EE78D66003D58B1 /* Canvas_ViewController.m in Sources */,
				B0170CBB1EE6C3F80048223F /* AppDelegate.m in Sources */,
				B0170CFA1EE78A200048223F /* MarkDownViewController.m in Sources */,
				B021AC671EE6917500ED9A4A /* main.m in Sources */,
			);
			runOnlyForDeploymentPostprocessing = 0;
		};
		B021AC771EE6917500ED9A4A /* Sources */ = {
			isa = PBXSourcesBuildPhase;
			buildActionMask = 2147483647;
			files = (
				B021AC801EE6917500ED9A4A /* iOSProjectTests.m in Sources */,
			);
			runOnlyForDeploymentPostprocessing = 0;
		};
		B021AC821EE6917500ED9A4A /* Sources */ = {
			isa = PBXSourcesBuildPhase;
			buildActionMask = 2147483647;
			files = (
				B021AC8B1EE6917500ED9A4A /* iOSProjectUITests.m in Sources */,
			);
			runOnlyForDeploymentPostprocessing = 0;
		};
/* End PBXSourcesBuildPhase section */

/* Begin PBXTargetDependency section */
		B021AC7D1EE6917500ED9A4A /* PBXTargetDependency */ = {
			isa = PBXTargetDependency;
			target = B021AC611EE6917500ED9A4A /* iOSProject */;
			targetProxy = B021AC7C1EE6917500ED9A4A /* PBXContainerItemProxy */;
		};
		B021AC881EE6917500ED9A4A /* PBXTargetDependency */ = {
			isa = PBXTargetDependency;
			target = B021AC611EE6917500ED9A4A /* iOSProject */;
			targetProxy = B021AC871EE6917500ED9A4A /* PBXContainerItemProxy */;
		};
/* End PBXTargetDependency section */

/* Begin PBXVariantGroup section */
		B021AC6E1EE6917500ED9A4A /* Main.storyboard */ = {
			isa = PBXVariantGroup;
			children = (
				B021AC6F1EE6917500ED9A4A /* Base */,
			);
			name = Main.storyboard;
			sourceTree = "<group>";
		};
		B021AC731EE6917500ED9A4A /* LaunchScreen.storyboard */ = {
			isa = PBXVariantGroup;
			children = (
				B021AC741EE6917500ED9A4A /* Base */,
			);
			name = LaunchScreen.storyboard;
			sourceTree = "<group>";
		};
/* End PBXVariantGroup section */

/* Begin XCBuildConfiguration section */
		B021AC8D1EE6917500ED9A4A /* Debug */ = {
			isa = XCBuildConfiguration;
			buildSettings = {
				ALWAYS_SEARCH_USER_PATHS = NO;
				CLANG_ANALYZER_NONNULL = YES;
				CLANG_ANALYZER_NUMBER_OBJECT_CONVERSION = YES_AGGRESSIVE;
				CLANG_CXX_LANGUAGE_STANDARD = "gnu++0x";
				CLANG_CXX_LIBRARY = "libc++";
				CLANG_ENABLE_MODULES = YES;
				CLANG_ENABLE_OBJC_ARC = YES;
				CLANG_WARN_BOOL_CONVERSION = YES;
				CLANG_WARN_CONSTANT_CONVERSION = YES;
				CLANG_WARN_DIRECT_OBJC_ISA_USAGE = YES_ERROR;
				CLANG_WARN_DOCUMENTATION_COMMENTS = YES;
				CLANG_WARN_EMPTY_BODY = YES;
				CLANG_WARN_ENUM_CONVERSION = YES;
				CLANG_WARN_INFINITE_RECURSION = YES;
				CLANG_WARN_INT_CONVERSION = YES;
				CLANG_WARN_OBJC_ROOT_CLASS = YES_ERROR;
				CLANG_WARN_SUSPICIOUS_MOVE = YES;
				CLANG_WARN_UNREACHABLE_CODE = YES;
				CLANG_WARN__DUPLICATE_METHOD_MATCH = YES;
				"CODE_SIGN_IDENTITY[sdk=iphoneos*]" = "iPhone Developer";
				COPY_PHASE_STRIP = NO;
				DEBUG_INFORMATION_FORMAT = dwarf;
				ENABLE_STRICT_OBJC_MSGSEND = YES;
				ENABLE_TESTABILITY = YES;
				GCC_C_LANGUAGE_STANDARD = gnu99;
				GCC_DYNAMIC_NO_PIC = NO;
				GCC_NO_COMMON_BLOCKS = YES;
				GCC_OPTIMIZATION_LEVEL = 0;
				GCC_PREPROCESSOR_DEFINITIONS = (
					"DEBUG=1",
					"$(inherited)",
				);
				GCC_WARN_64_TO_32_BIT_CONVERSION = YES;
				GCC_WARN_ABOUT_RETURN_TYPE = YES_ERROR;
				GCC_WARN_UNDECLARED_SELECTOR = YES;
				GCC_WARN_UNINITIALIZED_AUTOS = YES_AGGRESSIVE;
				GCC_WARN_UNUSED_FUNCTION = YES;
				GCC_WARN_UNUSED_VARIABLE = YES;
				IPHONEOS_DEPLOYMENT_TARGET = 10.3;
				MTL_ENABLE_DEBUG_INFO = YES;
				ONLY_ACTIVE_ARCH = YES;
				SDKROOT = iphoneos;
			};
			name = Debug;
		};
		B021AC8E1EE6917500ED9A4A /* Release */ = {
			isa = XCBuildConfiguration;
			buildSettings = {
				ALWAYS_SEARCH_USER_PATHS = NO;
				CLANG_ANALYZER_NONNULL = YES;
				CLANG_ANALYZER_NUMBER_OBJECT_CONVERSION = YES_AGGRESSIVE;
				CLANG_CXX_LANGUAGE_STANDARD = "gnu++0x";
				CLANG_CXX_LIBRARY = "libc++";
				CLANG_ENABLE_MODULES = YES;
				CLANG_ENABLE_OBJC_ARC = YES;
				CLANG_WARN_BOOL_CONVERSION = YES;
				CLANG_WARN_CONSTANT_CONVERSION = YES;
				CLANG_WARN_DIRECT_OBJC_ISA_USAGE = YES_ERROR;
				CLANG_WARN_DOCUMENTATION_COMMENTS = YES;
				CLANG_WARN_EMPTY_BODY = YES;
				CLANG_WARN_ENUM_CONVERSION = YES;
				CLANG_WARN_INFINITE_RECURSION = YES;
				CLANG_WARN_INT_CONVERSION = YES;
				CLANG_WARN_OBJC_ROOT_CLASS = YES_ERROR;
				CLANG_WARN_SUSPICIOUS_MOVE = YES;
				CLANG_WARN_UNREACHABLE_CODE = YES;
				CLANG_WARN__DUPLICATE_METHOD_MATCH = YES;
				"CODE_SIGN_IDENTITY[sdk=iphoneos*]" = "iPhone Developer";
				COPY_PHASE_STRIP = NO;
				DEBUG_INFORMATION_FORMAT = "dwarf-with-dsym";
				ENABLE_NS_ASSERTIONS = NO;
				ENABLE_STRICT_OBJC_MSGSEND = YES;
				GCC_C_LANGUAGE_STANDARD = gnu99;
				GCC_NO_COMMON_BLOCKS = YES;
				GCC_WARN_64_TO_32_BIT_CONVERSION = YES;
				GCC_WARN_ABOUT_RETURN_TYPE = YES_ERROR;
				GCC_WARN_UNDECLARED_SELECTOR = YES;
				GCC_WARN_UNINITIALIZED_AUTOS = YES_AGGRESSIVE;
				GCC_WARN_UNUSED_FUNCTION = YES;
				GCC_WARN_UNUSED_VARIABLE = YES;
				IPHONEOS_DEPLOYMENT_TARGET = 10.3;
				MTL_ENABLE_DEBUG_INFO = NO;
				SDKROOT = iphoneos;
				VALIDATE_PRODUCT = YES;
			};
			name = Release;
		};
		B021AC901EE6917500ED9A4A /* Debug */ = {
			isa = XCBuildConfiguration;
			baseConfigurationReference = 81B67C41678451C809E94967 /* Pods-iOSProject.debug.xcconfig */;
			buildSettings = {
				ASSETCATALOG_COMPILER_APPICON_NAME = AppIcon;
				DEVELOPMENT_TEAM = BQ9AXVWHT8;
				GCC_PREFIX_HEADER = "$(SRCROOT)/iOSProject/PrefixHeader.pch";
				INFOPLIST_FILE = iOSProject/Info.plist;
				IPHONEOS_DEPLOYMENT_TARGET = 9.0;
				LD_RUNPATH_SEARCH_PATHS = "$(inherited) @executable_path/Frameworks";
				PRODUCT_BUNDLE_IDENTIFIER = alpha.com.etiaolong.iOSProject;
				PRODUCT_NAME = "$(TARGET_NAME)";
			};
			name = Debug;
		};
		B021AC911EE6917500ED9A4A /* Release */ = {
			isa = XCBuildConfiguration;
			baseConfigurationReference = 27CDDF941ECA3893AF9F2120 /* Pods-iOSProject.release.xcconfig */;
			buildSettings = {
				ASSETCATALOG_COMPILER_APPICON_NAME = AppIcon;
				DEVELOPMENT_TEAM = BQ9AXVWHT8;
				GCC_PREFIX_HEADER = "$(SRCROOT)/iOSProject/PrefixHeader.pch";
				INFOPLIST_FILE = iOSProject/Info.plist;
				IPHONEOS_DEPLOYMENT_TARGET = 9.0;
				LD_RUNPATH_SEARCH_PATHS = "$(inherited) @executable_path/Frameworks";
				PRODUCT_BUNDLE_IDENTIFIER = alpha.com.etiaolong.iOSProject;
				PRODUCT_NAME = "$(TARGET_NAME)";
			};
			name = Release;
		};
		B021AC931EE6917500ED9A4A /* Debug */ = {
			isa = XCBuildConfiguration;
			buildSettings = {
				BUNDLE_LOADER = "$(TEST_HOST)";
				INFOPLIST_FILE = iOSProjectTests/Info.plist;
				LD_RUNPATH_SEARCH_PATHS = "$(inherited) @executable_path/Frameworks @loader_path/Frameworks";
				PRODUCT_BUNDLE_IDENTIFIER = alpha.com.etiaolong.iOSProjectTests;
				PRODUCT_NAME = "$(TARGET_NAME)";
				TEST_HOST = "$(BUILT_PRODUCTS_DIR)/iOSProject.app/iOSProject";
			};
			name = Debug;
		};
		B021AC941EE6917500ED9A4A /* Release */ = {
			isa = XCBuildConfiguration;
			buildSettings = {
				BUNDLE_LOADER = "$(TEST_HOST)";
				INFOPLIST_FILE = iOSProjectTests/Info.plist;
				LD_RUNPATH_SEARCH_PATHS = "$(inherited) @executable_path/Frameworks @loader_path/Frameworks";
				PRODUCT_BUNDLE_IDENTIFIER = alpha.com.etiaolong.iOSProjectTests;
				PRODUCT_NAME = "$(TARGET_NAME)";
				TEST_HOST = "$(BUILT_PRODUCTS_DIR)/iOSProject.app/iOSProject";
			};
			name = Release;
		};
		B021AC961EE6917500ED9A4A /* Debug */ = {
			isa = XCBuildConfiguration;
			buildSettings = {
				INFOPLIST_FILE = iOSProjectUITests/Info.plist;
				LD_RUNPATH_SEARCH_PATHS = "$(inherited) @executable_path/Frameworks @loader_path/Frameworks";
				PRODUCT_BUNDLE_IDENTIFIER = alpha.com.etiaolong.iOSProjectUITests;
				PRODUCT_NAME = "$(TARGET_NAME)";
				TEST_TARGET_NAME = iOSProject;
			};
			name = Debug;
		};
		B021AC971EE6917500ED9A4A /* Release */ = {
			isa = XCBuildConfiguration;
			buildSettings = {
				INFOPLIST_FILE = iOSProjectUITests/Info.plist;
				LD_RUNPATH_SEARCH_PATHS = "$(inherited) @executable_path/Frameworks @loader_path/Frameworks";
				PRODUCT_BUNDLE_IDENTIFIER = alpha.com.etiaolong.iOSProjectUITests;
				PRODUCT_NAME = "$(TARGET_NAME)";
				TEST_TARGET_NAME = iOSProject;
			};
			name = Release;
		};
/* End XCBuildConfiguration section */

/* Begin XCConfigurationList section */
		B021AC5D1EE6917500ED9A4A /* Build configuration list for PBXProject "iOSProject" */ = {
			isa = XCConfigurationList;
			buildConfigurations = (
				B021AC8D1EE6917500ED9A4A /* Debug */,
				B021AC8E1EE6917500ED9A4A /* Release */,
			);
			defaultConfigurationIsVisible = 0;
			defaultConfigurationName = Release;
		};
		B021AC8F1EE6917500ED9A4A /* Build configuration list for PBXNativeTarget "iOSProject" */ = {
			isa = XCConfigurationList;
			buildConfigurations = (
				B021AC901EE6917500ED9A4A /* Debug */,
				B021AC911EE6917500ED9A4A /* Release */,
			);
			defaultConfigurationIsVisible = 0;
			defaultConfigurationName = Release;
		};
		B021AC921EE6917500ED9A4A /* Build configuration list for PBXNativeTarget "iOSProjectTests" */ = {
			isa = XCConfigurationList;
			buildConfigurations = (
				B021AC931EE6917500ED9A4A /* Debug */,
				B021AC941EE6917500ED9A4A /* Release */,
			);
			defaultConfigurationIsVisible = 0;
			defaultConfigurationName = Release;
		};
		B021AC951EE6917500ED9A4A /* Build configuration list for PBXNativeTarget "iOSProjectUITests" */ = {
			isa = XCConfigurationList;
			buildConfigurations = (
				B021AC961EE6917500ED9A4A /* Debug */,
				B021AC971EE6917500ED9A4A /* Release */,
			);
			defaultConfigurationIsVisible = 0;
			defaultConfigurationName = Release;
		};
/* End XCConfigurationList section */
	};
	rootObject = B021AC5A1EE6917500ED9A4A /* Project object */;
}
